
Microsoft Visual Studio Solution File, Format Version 12.00
# Visual Studio Version 17
VisualStudioVersion = 17.0.32112.339
MinimumVisualStudioVersion = 10.0.40219.1
Project("{FAE04EC0-301F-11D3-BF4B-00C04F79EFBC}") = "ShopBridge", "ShopBridge\ShopBridge.csproj", "{4A4ED061-2D3F-4CC4-A8E7-D4C7C10FF4FB}"
EndProject
Project("{FAE04EC0-301F-11D3-BF4B-00C04F79EFBC}") = "ShopBridgeDataAccess", "ShopBridgeDataAccess\ShopBridgeDataAccess.csproj", "{EEC0184B-D9EF-47F0-B920-DC219AD7E2E0}"
EndProject
Global
	GlobalSection(SolutionConfigurationPlatforms) = preSolution
		Debug|Any CPU = Debug|Any CPU
		Release|Any CPU = Release|Any CPU
	EndGlobalSection
	GlobalSection(ProjectConfigurationPlatforms) = postSolution
		{4A4ED061-2D3F-4CC4-A8E7-D4C7C10FF4FB}.Debug|Any CPU.ActiveCfg = Debug|Any CPU
		{4A4ED061-2D3F-4CC4-A8E7-D4C7C10FF4FB}.Debug|Any CPU.Build.0 = Debug|Any CPU
		{4A4ED061-2D3F-4CC4-A8E7-D4C7C10FF4FB}.Release|Any CPU.ActiveCfg = Release|Any CPU
		{4A4ED061-2D3F-4CC4-A8E7-D4C7C10FF4FB}.Release|Any CPU.Build.0 = Release|Any CPU
		{EEC0184B-D9EF-47F0-B920-DC219AD7E2E0}.Debug|Any CPU.ActiveCfg = Debug|Any CPU
		{EEC0184B-D9EF-47F0-B920-DC219AD7E2E0}.Debug|Any CPU.Build.0 = Debug|Any CPU
		{EEC0184B-D9EF-47F0-B920-DC219AD7E2E0}.Release|Any CPU.ActiveCfg = Release|Any CPU
		{EEC0184B-D9EF-47F0-B920-DC219AD7E2E0}.Release|Any CPU.Build.0 = Release|Any CPU
	EndGlobalSection
	GlobalSection(SolutionProperties) = preSolution
		HideSolutionNode = FALSE
	EndGlobalSection
	GlobalSection(ExtensibilityGlobals) = postSolution
		SolutionGuid = {57055B55-B199-4F09-AFC2-0AD4327DB78F}
	EndGlobalSection
EndGlobal
